{
  "requires": true,
  "lockfileVersion": 1,
  "dependencies": {
    "eslint-plugin-prettier": {
      "version": "3.0.1",
      "resolved": "http://r.cnpmjs.org/eslint-plugin-prettier/download/eslint-plugin-prettier-3.0.1.tgz",
      "integrity": "sha1-GdUh45gfad1tFPZK7IxqasbrCw0=",
      "dev": true,
      "requires": {
        "prettier-linter-helpers": "1.0.0"
      }
    },
    "fast-diff": {
      "version": "1.2.0",
      "resolved": "http://r.cnpmjs.org/fast-diff/download/fast-diff-1.2.0.tgz",
      "integrity": "sha1-c+4RmC2Gyq95WYKNUZz+kn+sXwM=",
      "dev": true
    },
    "prettier-linter-helpers": {
      "version": "1.0.0",
      "resolved": "http://r.cnpmjs.org/prettier-linter-helpers/download/prettier-linter-helpers-1.0.0.tgz",
      "integrity": "sha1-0j1B/hN1ZG3i0BBNNFSjAIgCz3s=",
      "dev": true,
      "requires": {
        "fast-diff": "1.2.0"
      }
    }
  }
}
